// !$*UTF8*$!
{
	archiveVersion = 1;
	classes = {
	};
	objectVersion = 46;
	objects = {

/* Begin PBXBuildFile section */
		751835331596BC3400898FEF /* PreBookViewControllerViewController.m in Sources */ = {isa = PBXBuildFile; fileRef = 751835311596BC3400898FEF /* PreBookViewControllerViewController.m */; };
		751835341596BC3400898FEF /* PreBookViewControllerViewController.xib in Resources */ = {isa = PBXBuildFile; fileRef = 751835321596BC3400898FEF /* PreBookViewControllerViewController.xib */; };
		7518353D1596E71D00898FEF /* CarParkSlotViewController.m in Sources */ = {isa = PBXBuildFile; fileRef = 7518353B1596E71D00898FEF /* CarParkSlotViewController.m */; };
		7518353E1596E71D00898FEF /* CarParkSlotViewController.xib in Resources */ = {isa = PBXBuildFile; fileRef = 7518353C1596E71D00898FEF /* CarParkSlotViewController.xib */; };
		751835401596E8B000898FEF /* Untitled.png in Resources */ = {isa = PBXBuildFile; fileRef = 7518353F1596E8B000898FEF /* Untitled.png */; };
		751835421596F63700898FEF /* picture.jpg in Resources */ = {isa = PBXBuildFile; fileRef = 751835411596F63700898FEF /* picture.jpg */; };
		752DDEF1159DC1DA00C4BBF1 /* Surepark_logo_iphone2.png in Resources */ = {isa = PBXBuildFile; fileRef = 752DDEF0159DC1DA00C4BBF1 /* Surepark_logo_iphone2.png */; };
		7561A71116A9649E00D584F3 /* SignInViewController.m in Sources */ = {isa = PBXBuildFile; fileRef = 7561A70F16A9649E00D584F3 /* SignInViewController.m */; };
		7562137B16A9768500B60895 /* LotsAvailabilityCell.m in Sources */ = {isa = PBXBuildFile; fileRef = 7562137A16A9768500B60895 /* LotsAvailabilityCell.m */; };
		7562137F16A976CF00B60895 /* LotsAvailabilityCell.xib in Resources */ = {isa = PBXBuildFile; fileRef = 7562137E16A976CF00B60895 /* LotsAvailabilityCell.xib */; };
		7562138C16A9793B00B60895 /* shadow-bottom.png in Resources */ = {isa = PBXBuildFile; fileRef = 7562138A16A9793B00B60895 /* shadow-bottom.png */; };
		7562138D16A9793B00B60895 /* shadow-top.png in Resources */ = {isa = PBXBuildFile; fileRef = 7562138B16A9793B00B60895 /* shadow-top.png */; };
		7562B75816A8281B008FE7BD /* Default-568h@2x.png in Resources */ = {isa = PBXBuildFile; fileRef = 7562B75716A8281A008FE7BD /* Default-568h@2x.png */; };
		7562B75F16A83517008FE7BD /* MapKit.framework in Frameworks */ = {isa = PBXBuildFile; fileRef = 7562B75E16A83517008FE7BD /* MapKit.framework */; };
		7562B76316A83A94008FE7BD /* SPAnnotation.m in Sources */ = {isa = PBXBuildFile; fileRef = 7562B76216A83A94008FE7BD /* SPAnnotation.m */; };
		7562B76516A83C3C008FE7BD /* CoreLocation.framework in Frameworks */ = {isa = PBXBuildFile; fileRef = 7562B76416A83C3C008FE7BD /* CoreLocation.framework */; };
		757C118D16AACAFE0082CC18 /* icon@2x.png in Resources */ = {isa = PBXBuildFile; fileRef = 757C118C16AACAFE0082CC18 /* icon@2x.png */; };
		757C118F16AAD9800082CC18 /* icon.png in Resources */ = {isa = PBXBuildFile; fileRef = 757C118E16AAD9800082CC18 /* icon.png */; };
		757C119216AAEBE60082CC18 /* SureParkAnnotationView.m in Sources */ = {isa = PBXBuildFile; fileRef = 757C119116AAEBE60082CC18 /* SureParkAnnotationView.m */; };
		757C119416ABF98C0082CC18 /* skyblue.png in Resources */ = {isa = PBXBuildFile; fileRef = 757C119316ABF98B0082CC18 /* skyblue.png */; };
		757C119616ABFB2B0082CC18 /* skyblue@2x.png in Resources */ = {isa = PBXBuildFile; fileRef = 757C119516ABFB2B0082CC18 /* skyblue@2x.png */; };
		757C119916AC00C10082CC18 /* CarParkCell.m in Sources */ = {isa = PBXBuildFile; fileRef = 757C119816AC00C10082CC18 /* CarParkCell.m */; };
		757C119B16AC00E70082CC18 /* CarParkCell.xib in Resources */ = {isa = PBXBuildFile; fileRef = 757C119A16AC00E70082CC18 /* CarParkCell.xib */; };
		757C119D16AC103C0082CC18 /* iosOrchard.jpeg in Resources */ = {isa = PBXBuildFile; fileRef = 757C119C16AC103C0082CC18 /* iosOrchard.jpeg */; };
		757C11A016AC1B9D0082CC18 /* prebookArraoImageHighlighted@2x.png in Resources */ = {isa = PBXBuildFile; fileRef = 757C119E16AC1B9D0082CC18 /* prebookArraoImageHighlighted@2x.png */; };
		757C11A116AC1B9D0082CC18 /* prebookArrowImage@2x.png in Resources */ = {isa = PBXBuildFile; fileRef = 757C119F16AC1B9D0082CC18 /* prebookArrowImage@2x.png */; };
		757C11A316AC29720082CC18 /* bg.png in Resources */ = {isa = PBXBuildFile; fileRef = 757C11A216AC29720082CC18 /* bg.png */; };
		757C11A516AC2AA10082CC18 /* bluebg.png in Resources */ = {isa = PBXBuildFile; fileRef = 757C11A416AC2AA10082CC18 /* bluebg.png */; };
		757C11A816AC33CB0082CC18 /* RatesViewController.m in Sources */ = {isa = PBXBuildFile; fileRef = 757C11A716AC33CA0082CC18 /* RatesViewController.m */; };
		757C11AA16AC361B0082CC18 /* sureParkLogo.png in Resources */ = {isa = PBXBuildFile; fileRef = 757C11A916AC361B0082CC18 /* sureParkLogo.png */; };
		758492381B937F9A006F5046 /* UINavigationController+StatusBarStyle.m in Sources */ = {isa = PBXBuildFile; fileRef = 758492371B937F9A006F5046 /* UINavigationController+StatusBarStyle.m */; };
		7584923B1B93806B006F5046 /* UIColor+CWBColors.m in Sources */ = {isa = PBXBuildFile; fileRef = 7584923A1B93806B006F5046 /* UIColor+CWBColors.m */; };
		75A1840A1B8F9FBB009E17E4 /* Images.xcassets in Resources */ = {isa = PBXBuildFile; fileRef = 75A184091B8F9FBB009E17E4 /* Images.xcassets */; };
		75C6FF2515959BA8002BF11A /* UIKit.framework in Frameworks */ = {isa = PBXBuildFile; fileRef = 75C6FF2415959BA8002BF11A /* UIKit.framework */; };
		75C6FF2715959BA8002BF11A /* Foundation.framework in Frameworks */ = {isa = PBXBuildFile; fileRef = 75C6FF2615959BA8002BF11A /* Foundation.framework */; };
		75C6FF2915959BA8002BF11A /* CoreGraphics.framework in Frameworks */ = {isa = PBXBuildFile; fileRef = 75C6FF2815959BA8002BF11A /* CoreGraphics.framework */; };
		75C6FF2F15959BA8002BF11A /* InfoPlist.strings in Resources */ = {isa = PBXBuildFile; fileRef = 75C6FF2D15959BA8002BF11A /* InfoPlist.strings */; };
		75C6FF3115959BA8002BF11A /* main.m in Sources */ = {isa = PBXBuildFile; fileRef = 75C6FF3015959BA8002BF11A /* main.m */; };
		75C6FF3515959BA8002BF11A /* AppDelegate.m in Sources */ = {isa = PBXBuildFile; fileRef = 75C6FF3415959BA8002BF11A /* AppDelegate.m */; };
		75C6FF3815959BA8002BF11A /* MainStoryboard_iPhone.storyboard in Resources */ = {isa = PBXBuildFile; fileRef = 75C6FF3615959BA8002BF11A /* MainStoryboard_iPhone.storyboard */; };
		75C6FF3B15959BA8002BF11A /* MainStoryboard_iPad.storyboard in Resources */ = {isa = PBXBuildFile; fileRef = 75C6FF3915959BA8002BF11A /* MainStoryboard_iPad.storyboard */; };
		75C6FF4115959BA8002BF11A /* DetailViewController.m in Sources */ = {isa = PBXBuildFile; fileRef = 75C6FF4015959BA8002BF11A /* DetailViewController.m */; };
		75C6FF491595ADEA002BF11A /* CarPark.m in Sources */ = {isa = PBXBuildFile; fileRef = 75C6FF481595ADEA002BF11A /* CarPark.m */; };
		8B53075A1DD8DE48009E79CC /* GoogleService-Info.plist in Resources */ = {isa = PBXBuildFile; fileRef = 8B5307591DD8DE48009E79CC /* GoogleService-Info.plist */; };
		CE10E5381AE4824F00F8FF46 /* MasterViewController.m in Sources */ = {isa = PBXBuildFile; fileRef = 75C6FF3D15959BA8002BF11A /* MasterViewController.m */; };
		EC0963E9B89211B3CAE905D1 /* libPods-CWBSolutions.a in Frameworks */ = {isa = PBXBuildFile; fileRef = 6AF78CB9C030048EA10BD4A5 /* libPods-CWBSolutions.a */; };
/* End PBXBuildFile section */

/* Begin PBXFileReference section */
		6AF78CB9C030048EA10BD4A5 /* libPods-CWBSolutions.a */ = {isa = PBXFileReference; explicitFileType = archive.ar; includeInIndex = 0; path = "libPods-CWBSolutions.a"; sourceTree = BUILT_PRODUCTS_DIR; };
		751835301596BC3400898FEF /* PreBookViewControllerViewController.h */ = {isa = PBXFileReference; fileEncoding = 4; lastKnownFileType = sourcecode.c.h; path = PreBookViewControllerViewController.h; sourceTree = "<group>"; };
		751835311596BC3400898FEF /* PreBookViewControllerViewController.m */ = {isa = PBXFileReference; fileEncoding = 4; lastKnownFileType = sourcecode.c.objc; path = PreBookViewControllerViewController.m; sourceTree = "<group>"; };
		751835321596BC3400898FEF /* PreBookViewControllerViewController.xib */ = {isa = PBXFileReference; fileEncoding = 4; lastKnownFileType = file.xib; path = PreBookViewControllerViewController.xib; sourceTree = "<group>"; };
		7518353A1596E71D00898FEF /* CarParkSlotViewController.h */ = {isa = PBXFileReference; fileEncoding = 4; lastKnownFileType = sourcecode.c.h; path = CarParkSlotViewController.h; sourceTree = "<group>"; };
		7518353B1596E71D00898FEF /* CarParkSlotViewController.m */ = {isa = PBXFileReference; fileEncoding = 4; lastKnownFileType = sourcecode.c.objc; path = CarParkSlotViewController.m; sourceTree = "<group>"; };
		7518353C1596E71D00898FEF /* CarParkSlotViewController.xib */ = {isa = PBXFileReference; fileEncoding = 4; lastKnownFileType = file.xib; path = CarParkSlotViewController.xib; sourceTree = "<group>"; };
		7518353F1596E8B000898FEF /* Untitled.png */ = {isa = PBXFileReference; lastKnownFileType = image.png; path = Untitled.png; sourceTree = "<group>"; };
		751835411596F63700898FEF /* picture.jpg */ = {isa = PBXFileReference; lastKnownFileType = image.jpeg; path = picture.jpg; sourceTree = "<group>"; };
		752DDEF0159DC1DA00C4BBF1 /* Surepark_logo_iphone2.png */ = {isa = PBXFileReference; lastKnownFileType = image.png; path = Surepark_logo_iphone2.png; sourceTree = "<group>"; };
		7561A70E16A9649E00D584F3 /* SignInViewController.h */ = {isa = PBXFileReference; fileEncoding = 4; lastKnownFileType = sourcecode.c.h; path = SignInViewController.h; sourceTree = "<group>"; };
		7561A70F16A9649E00D584F3 /* SignInViewController.m */ = {isa = PBXFileReference; fileEncoding = 4; lastKnownFileType = sourcecode.c.objc; path = SignInViewController.m; sourceTree = "<group>"; };
		7562137916A9768500B60895 /* LotsAvailabilityCell.h */ = {isa = PBXFileReference; fileEncoding = 4; lastKnownFileType = sourcecode.c.h; path = LotsAvailabilityCell.h; sourceTree = "<group>"; };
		7562137A16A9768500B60895 /* LotsAvailabilityCell.m */ = {isa = PBXFileReference; fileEncoding = 4; lastKnownFileType = sourcecode.c.objc; path = LotsAvailabilityCell.m; sourceTree = "<group>"; };
		7562137E16A976CF00B60895 /* LotsAvailabilityCell.xib */ = {isa = PBXFileReference; fileEncoding = 4; lastKnownFileType = file.xib; path = LotsAvailabilityCell.xib; sourceTree = "<group>"; };
		7562138A16A9793B00B60895 /* shadow-bottom.png */ = {isa = PBXFileReference; lastKnownFileType = image.png; path = "shadow-bottom.png"; sourceTree = "<group>"; };
		7562138B16A9793B00B60895 /* shadow-top.png */ = {isa = PBXFileReference; lastKnownFileType = image.png; path = "shadow-top.png"; sourceTree = "<group>"; };
		7562B75716A8281A008FE7BD /* Default-568h@2x.png */ = {isa = PBXFileReference; lastKnownFileType = image.png; path = "Default-568h@2x.png"; sourceTree = "<group>"; };
		7562B75E16A83517008FE7BD /* MapKit.framework */ = {isa = PBXFileReference; lastKnownFileType = wrapper.framework; name = MapKit.framework; path = System/Library/Frameworks/MapKit.framework; sourceTree = SDKROOT; };
		7562B76116A83A94008FE7BD /* SPAnnotation.h */ = {isa = PBXFileReference; fileEncoding = 4; lastKnownFileType = sourcecode.c.h; path = SPAnnotation.h; sourceTree = "<group>"; };
		7562B76216A83A94008FE7BD /* SPAnnotation.m */ = {isa = PBXFileReference; fileEncoding = 4; lastKnownFileType = sourcecode.c.objc; path = SPAnnotation.m; sourceTree = "<group>"; };
		7562B76416A83C3C008FE7BD /* CoreLocation.framework */ = {isa = PBXFileReference; lastKnownFileType = wrapper.framework; name = CoreLocation.framework; path = System/Library/Frameworks/CoreLocation.framework; sourceTree = SDKROOT; };
		757C118C16AACAFE0082CC18 /* icon@2x.png */ = {isa = PBXFileReference; lastKnownFileType = image.png; path = "icon@2x.png"; sourceTree = "<group>"; };
		757C118E16AAD9800082CC18 /* icon.png */ = {isa = PBXFileReference; lastKnownFileType = image.png; path = icon.png; sourceTree = "<group>"; };
		757C119016AAEBE60082CC18 /* SureParkAnnotationView.h */ = {isa = PBXFileReference; fileEncoding = 4; lastKnownFileType = sourcecode.c.h; path = SureParkAnnotationView.h; sourceTree = "<group>"; };
		757C119116AAEBE60082CC18 /* SureParkAnnotationView.m */ = {isa = PBXFileReference; fileEncoding = 4; lastKnownFileType = sourcecode.c.objc; path = SureParkAnnotationView.m; sourceTree = "<group>"; };
		757C119316ABF98B0082CC18 /* skyblue.png */ = {isa = PBXFileReference; lastKnownFileType = image.png; path = skyblue.png; sourceTree = "<group>"; };
		757C119516ABFB2B0082CC18 /* skyblue@2x.png */ = {isa = PBXFileReference; lastKnownFileType = image.png; path = "skyblue@2x.png"; sourceTree = "<group>"; };
		757C119716AC00C10082CC18 /* CarParkCell.h */ = {isa = PBXFileReference; fileEncoding = 4; lastKnownFileType = sourcecode.c.h; path = CarParkCell.h; sourceTree = "<group>"; };
		757C119816AC00C10082CC18 /* CarParkCell.m */ = {isa = PBXFileReference; fileEncoding = 4; lastKnownFileType = sourcecode.c.objc; path = CarParkCell.m; sourceTree = "<group>"; };
		757C119A16AC00E70082CC18 /* CarParkCell.xib */ = {isa = PBXFileReference; fileEncoding = 4; lastKnownFileType = file.xib; path = CarParkCell.xib; sourceTree = "<group>"; };
		757C119C16AC103C0082CC18 /* iosOrchard.jpeg */ = {isa = PBXFileReference; lastKnownFileType = image.jpeg; path = iosOrchard.jpeg; sourceTree = "<group>"; };
		757C119E16AC1B9D0082CC18 /* prebookArraoImageHighlighted@2x.png */ = {isa = PBXFileReference; lastKnownFileType = image.png; path = "prebookArraoImageHighlighted@2x.png"; sourceTree = "<group>"; };
		757C119F16AC1B9D0082CC18 /* prebookArrowImage@2x.png */ = {isa = PBXFileReference; lastKnownFileType = image.png; path = "prebookArrowImage@2x.png"; sourceTree = "<group>"; };
		757C11A216AC29720082CC18 /* bg.png */ = {isa = PBXFileReference; lastKnownFileType = image.png; path = bg.png; sourceTree = "<group>"; };
		757C11A416AC2AA10082CC18 /* bluebg.png */ = {isa = PBXFileReference; lastKnownFileType = image.png; path = bluebg.png; sourceTree = "<group>"; };
		757C11A616AC33CA0082CC18 /* RatesViewController.h */ = {isa = PBXFileReference; fileEncoding = 4; lastKnownFileType = sourcecode.c.h; path = RatesViewController.h; sourceTree = "<group>"; };
		757C11A716AC33CA0082CC18 /* RatesViewController.m */ = {isa = PBXFileReference; fileEncoding = 4; lastKnownFileType = sourcecode.c.objc; path = RatesViewController.m; sourceTree = "<group>"; };
		757C11A916AC361B0082CC18 /* sureParkLogo.png */ = {isa = PBXFileReference; lastKnownFileType = image.png; path = sureParkLogo.png; sourceTree = "<group>"; };
		758492361B937F9A006F5046 /* UINavigationController+StatusBarStyle.h */ = {isa = PBXFileReference; fileEncoding = 4; lastKnownFileType = sourcecode.c.h; path = "UINavigationController+StatusBarStyle.h"; sourceTree = "<group>"; };
		758492371B937F9A006F5046 /* UINavigationController+StatusBarStyle.m */ = {isa = PBXFileReference; fileEncoding = 4; lastKnownFileType = sourcecode.c.objc; path = "UINavigationController+StatusBarStyle.m"; sourceTree = "<group>"; };
		758492391B93806B006F5046 /* UIColor+CWBColors.h */ = {isa = PBXFileReference; fileEncoding = 4; lastKnownFileType = sourcecode.c.h; path = "UIColor+CWBColors.h"; sourceTree = "<group>"; };
		7584923A1B93806B006F5046 /* UIColor+CWBColors.m */ = {isa = PBXFileReference; fileEncoding = 4; lastKnownFileType = sourcecode.c.objc; path = "UIColor+CWBColors.m"; sourceTree = "<group>"; };
		75A184091B8F9FBB009E17E4 /* Images.xcassets */ = {isa = PBXFileReference; lastKnownFileType = folder.assetcatalog; name = Images.xcassets; path = CWBSolutions/Images.xcassets; sourceTree = "<group>"; };
		75C6FF2015959BA8002BF11A /* CWBSolutions.app */ = {isa = PBXFileReference; explicitFileType = wrapper.application; includeInIndex = 0; path = CWBSolutions.app; sourceTree = BUILT_PRODUCTS_DIR; };
		75C6FF2415959BA8002BF11A /* UIKit.framework */ = {isa = PBXFileReference; lastKnownFileType = wrapper.framework; name = UIKit.framework; path = System/Library/Frameworks/UIKit.framework; sourceTree = SDKROOT; };
		75C6FF2615959BA8002BF11A /* Foundation.framework */ = {isa = PBXFileReference; lastKnownFileType = wrapper.framework; name = Foundation.framework; path = System/Library/Frameworks/Foundation.framework; sourceTree = SDKROOT; };
		75C6FF2815959BA8002BF11A /* CoreGraphics.framework */ = {isa = PBXFileReference; lastKnownFileType = wrapper.framework; name = CoreGraphics.framework; path = System/Library/Frameworks/CoreGraphics.framework; sourceTree = SDKROOT; };
		75C6FF2C15959BA8002BF11A /* CWBSolutions-Info.plist */ = {isa = PBXFileReference; lastKnownFileType = text.plist.xml; path = "CWBSolutions-Info.plist"; sourceTree = "<group>"; };
		75C6FF2E15959BA8002BF11A /* en */ = {isa = PBXFileReference; lastKnownFileType = text.plist.strings; name = en; path = en.lproj/InfoPlist.strings; sourceTree = "<group>"; };
		75C6FF3015959BA8002BF11A /* main.m */ = {isa = PBXFileReference; lastKnownFileType = sourcecode.c.objc; path = main.m; sourceTree = "<group>"; };
		75C6FF3215959BA8002BF11A /* CWBSolutions-Prefix.pch */ = {isa = PBXFileReference; lastKnownFileType = sourcecode.c.h; path = "CWBSolutions-Prefix.pch"; sourceTree = "<group>"; };
		75C6FF3315959BA8002BF11A /* AppDelegate.h */ = {isa = PBXFileReference; lastKnownFileType = sourcecode.c.h; path = AppDelegate.h; sourceTree = "<group>"; };
		75C6FF3415959BA8002BF11A /* AppDelegate.m */ = {isa = PBXFileReference; lastKnownFileType = sourcecode.c.objc; path = AppDelegate.m; sourceTree = "<group>"; };
		75C6FF3715959BA8002BF11A /* en */ = {isa = PBXFileReference; lastKnownFileType = file.storyboard; name = en; path = en.lproj/MainStoryboard_iPhone.storyboard; sourceTree = "<group>"; };
		75C6FF3A15959BA8002BF11A /* en */ = {isa = PBXFileReference; lastKnownFileType = file.storyboard; name = en; path = en.lproj/MainStoryboard_iPad.storyboard; sourceTree = "<group>"; };
		75C6FF3C15959BA8002BF11A /* MasterViewController.h */ = {isa = PBXFileReference; lastKnownFileType = sourcecode.c.h; path = MasterViewController.h; sourceTree = "<group>"; };
		75C6FF3D15959BA8002BF11A /* MasterViewController.m */ = {isa = PBXFileReference; lastKnownFileType = sourcecode.c.objc; path = MasterViewController.m; sourceTree = "<group>"; };
		75C6FF3F15959BA8002BF11A /* DetailViewController.h */ = {isa = PBXFileReference; lastKnownFileType = sourcecode.c.h; path = DetailViewController.h; sourceTree = "<group>"; };
		75C6FF4015959BA8002BF11A /* DetailViewController.m */ = {isa = PBXFileReference; lastKnownFileType = sourcecode.c.objc; path = DetailViewController.m; sourceTree = "<group>"; };
		75C6FF471595ADEA002BF11A /* CarPark.h */ = {isa = PBXFileReference; fileEncoding = 4; lastKnownFileType = sourcecode.c.h; path = CarPark.h; sourceTree = "<group>"; };
		75C6FF481595ADEA002BF11A /* CarPark.m */ = {isa = PBXFileReference; fileEncoding = 4; lastKnownFileType = sourcecode.c.objc; path = CarPark.m; sourceTree = "<group>"; };
		8AED8226BFB4754A4D56A8F6 /* Pods-CWBSolutions.debug.xcconfig */ = {isa = PBXFileReference; includeInIndex = 1; lastKnownFileType = text.xcconfig; name = "Pods-CWBSolutions.debug.xcconfig"; path = "Pods/Target Support Files/Pods-CWBSolutions/Pods-CWBSolutions.debug.xcconfig"; sourceTree = "<group>"; };
		8B5307591DD8DE48009E79CC /* GoogleService-Info.plist */ = {isa = PBXFileReference; fileEncoding = 4; lastKnownFileType = text.plist.xml; path = "GoogleService-Info.plist"; sourceTree = "<group>"; };
		FAF39D4844380D30D7E0C55D /* Pods-CWBSolutions.release.xcconfig */ = {isa = PBXFileReference; includeInIndex = 1; lastKnownFileType = text.xcconfig; name = "Pods-CWBSolutions.release.xcconfig"; path = "Pods/Target Support Files/Pods-CWBSolutions/Pods-CWBSolutions.release.xcconfig"; sourceTree = "<group>"; };
/* End PBXFileReference section */

/* Begin PBXFrameworksBuildPhase section */
		75C6FF1D15959BA8002BF11A /* Frameworks */ = {
			isa = PBXFrameworksBuildPhase;
			buildActionMask = 2147483647;
			files = (
				7562B76516A83C3C008FE7BD /* CoreLocation.framework in Frameworks */,
				7562B75F16A83517008FE7BD /* MapKit.framework in Frameworks */,
				75C6FF2515959BA8002BF11A /* UIKit.framework in Frameworks */,
				75C6FF2715959BA8002BF11A /* Foundation.framework in Frameworks */,
				75C6FF2915959BA8002BF11A /* CoreGraphics.framework in Frameworks */,
				EC0963E9B89211B3CAE905D1 /* libPods-CWBSolutions.a in Frameworks */,
			);
			runOnlyForDeploymentPostprocessing = 0;
		};
/* End PBXFrameworksBuildPhase section */

/* Begin PBXGroup section */
		7562137816A9763D00B60895 /* Views */ = {
			isa = PBXGroup;
			children = (
				7562137916A9768500B60895 /* LotsAvailabilityCell.h */,
				7562137A16A9768500B60895 /* LotsAvailabilityCell.m */,
				7562137E16A976CF00B60895 /* LotsAvailabilityCell.xib */,
				757C119016AAEBE60082CC18 /* SureParkAnnotationView.h */,
				757C119116AAEBE60082CC18 /* SureParkAnnotationView.m */,
				757C119716AC00C10082CC18 /* CarParkCell.h */,
				757C119816AC00C10082CC18 /* CarParkCell.m */,
				757C119A16AC00E70082CC18 /* CarParkCell.xib */,
			);
			name = Views;
			sourceTree = "<group>";
		};
		7562138816A9792C00B60895 /* Images */ = {
			isa = PBXGroup;
			children = (
				757C11A916AC361B0082CC18 /* sureParkLogo.png */,
				757C11A216AC29720082CC18 /* bg.png */,
				7562138A16A9793B00B60895 /* shadow-bottom.png */,
				7562138B16A9793B00B60895 /* shadow-top.png */,
				757C119316ABF98B0082CC18 /* skyblue.png */,
				757C119516ABFB2B0082CC18 /* skyblue@2x.png */,
				757C119C16AC103C0082CC18 /* iosOrchard.jpeg */,
				757C119E16AC1B9D0082CC18 /* prebookArraoImageHighlighted@2x.png */,
				757C119F16AC1B9D0082CC18 /* prebookArrowImage@2x.png */,
				757C11A416AC2AA10082CC18 /* bluebg.png */,
			);
			name = Images;
			sourceTree = "<group>";
		};
		7562B76016A83A75008FE7BD /* Model */ = {
			isa = PBXGroup;
			children = (
				75C6FF471595ADEA002BF11A /* CarPark.h */,
				75C6FF481595ADEA002BF11A /* CarPark.m */,
				7562B76116A83A94008FE7BD /* SPAnnotation.h */,
				7562B76216A83A94008FE7BD /* SPAnnotation.m */,
			);
			name = Model;
			sourceTree = "<group>";
		};
		75C6FF1515959BA7002BF11A = {
			isa = PBXGroup;
			children = (
				75A184091B8F9FBB009E17E4 /* Images.xcassets */,
				8B5307591DD8DE48009E79CC /* GoogleService-Info.plist */,
				7562B76416A83C3C008FE7BD /* CoreLocation.framework */,
				7562B75E16A83517008FE7BD /* MapKit.framework */,
				7562B75716A8281A008FE7BD /* Default-568h@2x.png */,
				757C118E16AAD9800082CC18 /* icon.png */,
				757C118C16AACAFE0082CC18 /* icon@2x.png */,
				75C6FF2A15959BA8002BF11A /* SmartParking */,
				75C6FF2315959BA8002BF11A /* Frameworks */,
				75C6FF2115959BA8002BF11A /* Products */,
				A2DC474FDC7AEE0EB6D5949A /* Pods */,
			);
			sourceTree = "<group>";
		};
		75C6FF2115959BA8002BF11A /* Products */ = {
			isa = PBXGroup;
			children = (
				75C6FF2015959BA8002BF11A /* CWBSolutions.app */,
			);
			name = Products;
			sourceTree = "<group>";
		};
		75C6FF2315959BA8002BF11A /* Frameworks */ = {
			isa = PBXGroup;
			children = (
				75C6FF2415959BA8002BF11A /* UIKit.framework */,
				75C6FF2615959BA8002BF11A /* Foundation.framework */,
				75C6FF2815959BA8002BF11A /* CoreGraphics.framework */,
				6AF78CB9C030048EA10BD4A5 /* libPods-CWBSolutions.a */,
			);
			name = Frameworks;
			sourceTree = "<group>";
		};
		75C6FF2A15959BA8002BF11A /* SmartParking */ = {
			isa = PBXGroup;
			children = (
				7562138816A9792C00B60895 /* Images */,
				7562137816A9763D00B60895 /* Views */,
				7562B76016A83A75008FE7BD /* Model */,
				75C6FF3315959BA8002BF11A /* AppDelegate.h */,
				75C6FF3415959BA8002BF11A /* AppDelegate.m */,
				75C6FF3615959BA8002BF11A /* MainStoryboard_iPhone.storyboard */,
				75C6FF3915959BA8002BF11A /* MainStoryboard_iPad.storyboard */,
				75C6FF3C15959BA8002BF11A /* MasterViewController.h */,
				75C6FF3D15959BA8002BF11A /* MasterViewController.m */,
				75C6FF3F15959BA8002BF11A /* DetailViewController.h */,
				75C6FF4015959BA8002BF11A /* DetailViewController.m */,
				75C6FF2B15959BA8002BF11A /* Supporting Files */,
				751835301596BC3400898FEF /* PreBookViewControllerViewController.h */,
				751835311596BC3400898FEF /* PreBookViewControllerViewController.m */,
				751835321596BC3400898FEF /* PreBookViewControllerViewController.xib */,
				7518353A1596E71D00898FEF /* CarParkSlotViewController.h */,
				7518353B1596E71D00898FEF /* CarParkSlotViewController.m */,
				7518353C1596E71D00898FEF /* CarParkSlotViewController.xib */,
				752DDEF0159DC1DA00C4BBF1 /* Surepark_logo_iphone2.png */,
				751835411596F63700898FEF /* picture.jpg */,
				7518353F1596E8B000898FEF /* Untitled.png */,
				7561A70E16A9649E00D584F3 /* SignInViewController.h */,
				7561A70F16A9649E00D584F3 /* SignInViewController.m */,
				757C11A616AC33CA0082CC18 /* RatesViewController.h */,
				757C11A716AC33CA0082CC18 /* RatesViewController.m */,
				758492361B937F9A006F5046 /* UINavigationController+StatusBarStyle.h */,
				758492371B937F9A006F5046 /* UINavigationController+StatusBarStyle.m */,
				758492391B93806B006F5046 /* UIColor+CWBColors.h */,
				7584923A1B93806B006F5046 /* UIColor+CWBColors.m */,
			);
			path = SmartParking;
			sourceTree = "<group>";
		};
		75C6FF2B15959BA8002BF11A /* Supporting Files */ = {
			isa = PBXGroup;
			children = (
				75C6FF2C15959BA8002BF11A /* CWBSolutions-Info.plist */,
				75C6FF2D15959BA8002BF11A /* InfoPlist.strings */,
				75C6FF3015959BA8002BF11A /* main.m */,
				75C6FF3215959BA8002BF11A /* CWBSolutions-Prefix.pch */,
			);
			name = "Supporting Files";
			sourceTree = "<group>";
		};
		A2DC474FDC7AEE0EB6D5949A /* Pods */ = {
			isa = PBXGroup;
			children = (
				8AED8226BFB4754A4D56A8F6 /* Pods-CWBSolutions.debug.xcconfig */,
				FAF39D4844380D30D7E0C55D /* Pods-CWBSolutions.release.xcconfig */,
			);
			name = Pods;
			sourceTree = "<group>";
		};
/* End PBXGroup section */

/* Begin PBXNativeTarget section */
		75C6FF1F15959BA8002BF11A /* CWBSolutions */ = {
			isa = PBXNativeTarget;
			buildConfigurationList = 75C6FF4415959BA8002BF11A /* Build configuration list for PBXNativeTarget "CWBSolutions" */;
			buildPhases = (
				C4BDA7CD7AB7648DDF39B15F /* [CP] Check Pods Manifest.lock */,
				75C6FF1C15959BA8002BF11A /* Sources */,
				75C6FF1D15959BA8002BF11A /* Frameworks */,
				75C6FF1E15959BA8002BF11A /* Resources */,
				A4C10394AA9884B45FA8EA2A /* [CP] Embed Pods Frameworks */,
				6E85F168D2CF93175D38412F /* [CP] Copy Pods Resources */,
			);
			buildRules = (
			);
			dependencies = (
			);
			name = CWBSolutions;
			productName = SmartParking;
			productReference = 75C6FF2015959BA8002BF11A /* CWBSolutions.app */;
			productType = "com.apple.product-type.application";
		};
/* End PBXNativeTarget section */

/* Begin PBXProject section */
		75C6FF1715959BA7002BF11A /* Project object */ = {
			isa = PBXProject;
			attributes = {
				LastUpgradeCheck = 0630;
				ORGANIZATIONNAME = "CWB SOLUTIONS PTE LTD";
				TargetAttributes = {
					75C6FF1F15959BA8002BF11A = {
						DevelopmentTeam = ZXFZUHNR8P;
					};
				};
			};
			buildConfigurationList = 75C6FF1A15959BA7002BF11A /* Build configuration list for PBXProject "CWBSolutions" */;
			compatibilityVersion = "Xcode 3.2";
			developmentRegion = English;
			hasScannedForEncodings = 0;
			knownRegions = (
				en,
			);
			mainGroup = 75C6FF1515959BA7002BF11A;
			productRefGroup = 75C6FF2115959BA8002BF11A /* Products */;
			projectDirPath = "";
			projectRoot = "";
			targets = (
				75C6FF1F15959BA8002BF11A /* CWBSolutions */,
			);
		};
/* End PBXProject section */

/* Begin PBXResourcesBuildPhase section */
		75C6FF1E15959BA8002BF11A /* Resources */ = {
			isa = PBXResourcesBuildPhase;
			buildActionMask = 2147483647;
			files = (
				75C6FF2F15959BA8002BF11A /* InfoPlist.strings in Resources */,
				75C6FF3815959BA8002BF11A /* MainStoryboard_iPhone.storyboard in Resources */,
				8B53075A1DD8DE48009E79CC /* GoogleService-Info.plist in Resources */,
				75C6FF3B15959BA8002BF11A /* MainStoryboard_iPad.storyboard in Resources */,
				75A1840A1B8F9FBB009E17E4 /* Images.xcassets in Resources */,
				751835341596BC3400898FEF /* PreBookViewControllerViewController.xib in Resources */,
				7518353E1596E71D00898FEF /* CarParkSlotViewController.xib in Resources */,
				751835401596E8B000898FEF /* Untitled.png in Resources */,
				751835421596F63700898FEF /* picture.jpg in Resources */,
				752DDEF1159DC1DA00C4BBF1 /* Surepark_logo_iphone2.png in Resources */,
				7562B75816A8281B008FE7BD /* Default-568h@2x.png in Resources */,
				7562137F16A976CF00B60895 /* LotsAvailabilityCell.xib in Resources */,
				7562138C16A9793B00B60895 /* shadow-bottom.png in Resources */,
				7562138D16A9793B00B60895 /* shadow-top.png in Resources */,
				757C118D16AACAFE0082CC18 /* icon@2x.png in Resources */,
				757C118F16AAD9800082CC18 /* icon.png in Resources */,
				757C119416ABF98C0082CC18 /* skyblue.png in Resources */,
				757C119616ABFB2B0082CC18 /* skyblue@2x.png in Resources */,
				757C119B16AC00E70082CC18 /* CarParkCell.xib in Resources */,
				757C119D16AC103C0082CC18 /* iosOrchard.jpeg in Resources */,
				757C11A016AC1B9D0082CC18 /* prebookArraoImageHighlighted@2x.png in Resources */,
				757C11A116AC1B9D0082CC18 /* prebookArrowImage@2x.png in Resources */,
				757C11A316AC29720082CC18 /* bg.png in Resources */,
				757C11A516AC2AA10082CC18 /* bluebg.png in Resources */,
				757C11AA16AC361B0082CC18 /* sureParkLogo.png in Resources */,
			);
			runOnlyForDeploymentPostprocessing = 0;
		};
/* End PBXResourcesBuildPhase section */

/* Begin PBXShellScriptBuildPhase section */
		6E85F168D2CF93175D38412F /* [CP] Copy Pods Resources */ = {
			isa = PBXShellScriptBuildPhase;
			buildActionMask = 2147483647;
			files = (
			);
			inputPaths = (
			);
			name = "[CP] Copy Pods Resources";
			outputPaths = (
			);
			runOnlyForDeploymentPostprocessing = 0;
			shellPath = /bin/sh;
			shellScript = "\"${SRCROOT}/Pods/Target Support Files/Pods-CWBSolutions/Pods-CWBSolutions-resources.sh\"\n";
			showEnvVarsInLog = 0;
		};
		A4C10394AA9884B45FA8EA2A /* [CP] Embed Pods Frameworks */ = {
			isa = PBXShellScriptBuildPhase;
			buildActionMask = 2147483647;
			files = (
			);
			inputPaths = (
			);
			name = "[CP] Embed Pods Frameworks";
			outputPaths = (
			);
			runOnlyForDeploymentPostprocessing = 0;
			shellPath = /bin/sh;
			shellScript = "\"${SRCROOT}/Pods/Target Support Files/Pods-CWBSolutions/Pods-CWBSolutions-frameworks.sh\"\n";
			showEnvVarsInLog = 0;
		};
		C4BDA7CD7AB7648DDF39B15F /* [CP] Check Pods Manifest.lock */ = {
			isa = PBXShellScriptBuildPhase;
			buildActionMask = 2147483647;
			files = (
			);
			inputPaths = (
			);
			name = "[CP] Check Pods Manifest.lock";
			outputPaths = (
			);
			runOnlyForDeploymentPostprocessing = 0;
			shellPath = /bin/sh;
			shellScript = "diff \"${PODS_ROOT}/../Podfile.lock\" \"${PODS_ROOT}/Manifest.lock\" > /dev/null\nif [ $? != 0 ] ; then\n    # print error to STDERR\n    echo \"error: The sandbox is not in sync with the Podfile.lock. Run 'pod install' or update your CocoaPods installation.\" >&2\n    exit 1\nfi\n";
			showEnvVarsInLog = 0;
		};
/* End PBXShellScriptBuildPhase section */

/* Begin PBXSourcesBuildPhase section */
		75C6FF1C15959BA8002BF11A /* Sources */ = {
			isa = PBXSourcesBuildPhase;
			buildActionMask = 2147483647;
			files = (
				75C6FF3115959BA8002BF11A /* main.m in Sources */,
				75C6FF3515959BA8002BF11A /* AppDelegate.m in Sources */,
				CE10E5381AE4824F00F8FF46 /* MasterViewController.m in Sources */,
				758492381B937F9A006F5046 /* UINavigationController+StatusBarStyle.m in Sources */,
				75C6FF4115959BA8002BF11A /* DetailViewController.m in Sources */,
				75C6FF491595ADEA002BF11A /* CarPark.m in Sources */,
				751835331596BC3400898FEF /* PreBookViewControllerViewController.m in Sources */,
				7518353D1596E71D00898FEF /* CarParkSlotViewController.m in Sources */,
				7562B76316A83A94008FE7BD /* SPAnnotation.m in Sources */,
				7561A71116A9649E00D584F3 /* SignInViewController.m in Sources */,
				7562137B16A9768500B60895 /* LotsAvailabilityCell.m in Sources */,
				757C119216AAEBE60082CC18 /* SureParkAnnotationView.m in Sources */,
				757C119916AC00C10082CC18 /* CarParkCell.m in Sources */,
				7584923B1B93806B006F5046 /* UIColor+CWBColors.m in Sources */,
				757C11A816AC33CB0082CC18 /* RatesViewController.m in Sources */,
			);
			runOnlyForDeploymentPostprocessing = 0;
		};
/* End PBXSourcesBuildPhase section */

/* Begin PBXVariantGroup section */
		75C6FF2D15959BA8002BF11A /* InfoPlist.strings */ = {
			isa = PBXVariantGroup;
			children = (
				75C6FF2E15959BA8002BF11A /* en */,
			);
			name = InfoPlist.strings;
			sourceTree = "<group>";
		};
		75C6FF3615959BA8002BF11A /* MainStoryboard_iPhone.storyboard */ = {
			isa = PBXVariantGroup;
			children = (
				75C6FF3715959BA8002BF11A /* en */,
			);
			name = MainStoryboard_iPhone.storyboard;
			sourceTree = "<group>";
		};
		75C6FF3915959BA8002BF11A /* MainStoryboard_iPad.storyboard */ = {
			isa = PBXVariantGroup;
			children = (
				75C6FF3A15959BA8002BF11A /* en */,
			);
			name = MainStoryboard_iPad.storyboard;
			sourceTree = "<group>";
		};
/* End PBXVariantGroup section */

/* Begin XCBuildConfiguration section */
		75C6FF4215959BA8002BF11A /* Debug */ = {
			isa = XCBuildConfiguration;
			buildSettings = {
				ALWAYS_SEARCH_USER_PATHS = NO;
				CLANG_ENABLE_OBJC_ARC = YES;
				CLANG_WARN_BOOL_CONVERSION = YES;
				CLANG_WARN_CONSTANT_CONVERSION = YES;
				CLANG_WARN_EMPTY_BODY = YES;
				CLANG_WARN_ENUM_CONVERSION = YES;
				CLANG_WARN_INT_CONVERSION = YES;
				CLANG_WARN_UNREACHABLE_CODE = YES;
				CLANG_WARN__DUPLICATE_METHOD_MATCH = YES;
				"CODE_SIGN_IDENTITY[sdk=iphoneos*]" = "iPhone Developer";
				COPY_PHASE_STRIP = NO;
				ENABLE_STRICT_OBJC_MSGSEND = YES;
				GCC_C_LANGUAGE_STANDARD = gnu99;
				GCC_DYNAMIC_NO_PIC = NO;
				GCC_NO_COMMON_BLOCKS = YES;
				GCC_OPTIMIZATION_LEVEL = 0;
				GCC_PREPROCESSOR_DEFINITIONS = (
					"DEBUG=1",
					"$(inherited)",
				);
				GCC_SYMBOLS_PRIVATE_EXTERN = NO;
				GCC_VERSION = com.apple.compilers.llvm.clang.1_0;
				GCC_WARN_64_TO_32_BIT_CONVERSION = YES;
				GCC_WARN_ABOUT_RETURN_TYPE = YES;
				GCC_WARN_UNDECLARED_SELECTOR = YES;
				GCC_WARN_UNINITIALIZED_AUTOS = YES;
				GCC_WARN_UNUSED_FUNCTION = YES;
				GCC_WARN_UNUSED_VARIABLE = YES;
				IPHONEOS_DEPLOYMENT_TARGET = 5.1;
				ONLY_ACTIVE_ARCH = YES;
				SDKROOT = iphoneos;
				TARGETED_DEVICE_FAMILY = "1,2";
			};
			name = Debug;
		};
		75C6FF4315959BA8002BF11A /* Release */ = {
			isa = XCBuildConfiguration;
			buildSettings = {
				ALWAYS_SEARCH_USER_PATHS = NO;
				CLANG_ENABLE_OBJC_ARC = YES;
				CLANG_WARN_BOOL_CONVERSION = YES;
				CLANG_WARN_CONSTANT_CONVERSION = YES;
				CLANG_WARN_EMPTY_BODY = YES;
				CLANG_WARN_ENUM_CONVERSION = YES;
				CLANG_WARN_INT_CONVERSION = YES;
				CLANG_WARN_UNREACHABLE_CODE = YES;
				CLANG_WARN__DUPLICATE_METHOD_MATCH = YES;
				"CODE_SIGN_IDENTITY[sdk=iphoneos*]" = "iPhone Developer";
				COPY_PHASE_STRIP = YES;
				ENABLE_STRICT_OBJC_MSGSEND = YES;
				GCC_C_LANGUAGE_STANDARD = gnu99;
				GCC_NO_COMMON_BLOCKS = YES;
				GCC_VERSION = com.apple.compilers.llvm.clang.1_0;
				GCC_WARN_64_TO_32_BIT_CONVERSION = YES;
				GCC_WARN_ABOUT_RETURN_TYPE = YES;
				GCC_WARN_UNDECLARED_SELECTOR = YES;
				GCC_WARN_UNINITIALIZED_AUTOS = YES;
				GCC_WARN_UNUSED_FUNCTION = YES;
				GCC_WARN_UNUSED_VARIABLE = YES;
				IPHONEOS_DEPLOYMENT_TARGET = 5.1;
				OTHER_CFLAGS = "-DNS_BLOCK_ASSERTIONS=1";
				SDKROOT = iphoneos;
				TARGETED_DEVICE_FAMILY = "1,2";
				VALIDATE_PRODUCT = YES;
			};
			name = Release;
		};
		75C6FF4515959BA8002BF11A /* Debug */ = {
			isa = XCBuildConfiguration;
			baseConfigurationReference = 8AED8226BFB4754A4D56A8F6 /* Pods-CWBSolutions.debug.xcconfig */;
			buildSettings = {
				ASSETCATALOG_COMPILER_APPICON_NAME = AppIcon;
				ASSETCATALOG_COMPILER_LAUNCHIMAGE_NAME = BrandAsset;
				CODE_SIGN_IDENTITY = "iPhone Developer";
				"CODE_SIGN_IDENTITY[sdk=iphoneos*]" = "iPhone Developer";
				GCC_PRECOMPILE_PREFIX_HEADER = YES;
				GCC_PREFIX_HEADER = "SmartParking/CWBSolutions-Prefix.pch";
				INFOPLIST_FILE = "SmartParking/CWBSolutions-Info.plist";
				IPHONEOS_DEPLOYMENT_TARGET = 7.0;
				LIBRARY_SEARCH_PATHS = (
					"$(inherited)",
					"\"$(SRCROOT)/SmartParking/TestFlightSDK1.1\"",
				);
				ONLY_ACTIVE_ARCH = YES;
				PRODUCT_NAME = CWBSolutions;
				PROVISIONING_PROFILE = "";
				TARGETED_DEVICE_FAMILY = 1;
				WRAPPER_EXTENSION = app;
			};
			name = Debug;
		};
		75C6FF4615959BA8002BF11A /* Release */ = {
			isa = XCBuildConfiguration;
			baseConfigurationReference = FAF39D4844380D30D7E0C55D /* Pods-CWBSolutions.release.xcconfig */;
			buildSettings = {
				ASSETCATALOG_COMPILER_APPICON_NAME = AppIcon;
				ASSETCATALOG_COMPILER_LAUNCHIMAGE_NAME = BrandAsset;
				CODE_SIGN_IDENTITY = "iPhone Developer";
				"CODE_SIGN_IDENTITY[sdk=iphoneos*]" = "iPhone Developer";
				GCC_PRECOMPILE_PREFIX_HEADER = YES;
				GCC_PREFIX_HEADER = "SmartParking/CWBSolutions-Prefix.pch";
				INFOPLIST_FILE = "SmartParking/CWBSolutions-Info.plist";
				IPHONEOS_DEPLOYMENT_TARGET = 7.0;
				LIBRARY_SEARCH_PATHS = (
					"$(inherited)",
					"\"$(SRCROOT)/SmartParking/TestFlightSDK1.1\"",
				);
				ONLY_ACTIVE_ARCH = YES;
				PRODUCT_NAME = CWBSolutions;
				PROVISIONING_PROFILE = "";
				TARGETED_DEVICE_FAMILY = 1;
				WRAPPER_EXTENSION = app;
			};
			name = Release;
		};
/* End XCBuildConfiguration section */

/* Begin XCConfigurationList section */
		75C6FF1A15959BA7002BF11A /* Build configuration list for PBXProject "CWBSolutions" */ = {
			isa = XCConfigurationList;
			buildConfigurations = (
				75C6FF4215959BA8002BF11A /* Debug */,
				75C6FF4315959BA8002BF11A /* Release */,
			);
			defaultConfigurationIsVisible = 0;
			defaultConfigurationName = Release;
		};
		75C6FF4415959BA8002BF11A /* Build configuration list for PBXNativeTarget "CWBSolutions" */ = {
			isa = XCConfigurationList;
			buildConfigurations = (
				75C6FF4515959BA8002BF11A /* Debug */,
				75C6FF4615959BA8002BF11A /* Release */,
			);
			defaultConfigurationIsVisible = 0;
			defaultConfigurationName = Release;
		};
/* End XCConfigurationList section */
	};
	rootObject = 75C6FF1715959BA7002BF11A /* Project object */;
}
